
Microsoft Visual Studio Solution File, Format Version 12.00
# Visual Studio Version 16
VisualStudioVersion = 16.0.30320.27
MinimumVisualStudioVersion = 10.0.40219.1
Project("{2150E333-8FDC-42A3-9474-1A3956D46DE8}") = "src", "src", "{2C3A37FC-26BC-444F-8A04-F0C643B360FB}"
EndProject
Project("{2150E333-8FDC-42A3-9474-1A3956D46DE8}") = "Solution Items", "Solution Items", "{4687DA46-8A65-47C7-80F1-C5F1F0500AB5}"
	ProjectSection(SolutionItems) = preProject
		global.json = global.json
	EndProjectSection
EndProject
Project("{9A19103F-16F7-4668-BE54-9A1E7A4F7556}") = "ConsoleTest", "ConsoleTest\ConsoleTest.csproj", "{FBBB838E-DAA5-41A0-B6F0-9D84135D4186}"
EndProject
Project("{9A19103F-16F7-4668-BE54-9A1E7A4F7556}") = "OpenNLP", "OpenNLP\OpenNLP.csproj", "{80833D93-A94A-491B-B3C4-1D2BD59A629E}"
EndProject
Project("{9A19103F-16F7-4668-BE54-9A1E7A4F7556}") = "SharpEntropy", "SharpEntropy\SharpEntropy.csproj", "{115CA0BB-FC9D-4B33-83BF-D4825075E7BB}"
EndProject
Project("{9A19103F-16F7-4668-BE54-9A1E7A4F7556}") = "SharpWordNet", "SharpWordNet\SharpWordNet.csproj", "{51891961-508A-4327-99A6-BFCC8E50ECA6}"
EndProject
Global
	GlobalSection(SolutionConfigurationPlatforms) = preSolution
		Debug|Any CPU = Debug|Any CPU
		Release|Any CPU = Release|Any CPU
	EndGlobalSection
	GlobalSection(ProjectConfigurationPlatforms) = postSolution
		{FBBB838E-DAA5-41A0-B6F0-9D84135D4186}.Debug|Any CPU.ActiveCfg = Debug|Any CPU
		{FBBB838E-DAA5-41A0-B6F0-9D84135D4186}.Debug|Any CPU.Build.0 = Debug|Any CPU
		{FBBB838E-DAA5-41A0-B6F0-9D84135D4186}.Release|Any CPU.ActiveCfg = Release|Any CPU
		{FBBB838E-DAA5-41A0-B6F0-9D84135D4186}.Release|Any CPU.Build.0 = Release|Any CPU
		{80833D93-A94A-491B-B3C4-1D2BD59A629E}.Debug|Any CPU.ActiveCfg = Debug|Any CPU
		{80833D93-A94A-491B-B3C4-1D2BD59A629E}.Debug|Any CPU.Build.0 = Debug|Any CPU
		{80833D93-A94A-491B-B3C4-1D2BD59A629E}.Release|Any CPU.ActiveCfg = Release|Any CPU
		{80833D93-A94A-491B-B3C4-1D2BD59A629E}.Release|Any CPU.Build.0 = Release|Any CPU
		{115CA0BB-FC9D-4B33-83BF-D4825075E7BB}.Debug|Any CPU.ActiveCfg = Debug|Any CPU
		{115CA0BB-FC9D-4B33-83BF-D4825075E7BB}.Debug|Any CPU.Build.0 = Debug|Any CPU
		{115CA0BB-FC9D-4B33-83BF-D4825075E7BB}.Release|Any CPU.ActiveCfg = Release|Any CPU
		{115CA0BB-FC9D-4B33-83BF-D4825075E7BB}.Release|Any CPU.Build.0 = Release|Any CPU
		{51891961-508A-4327-99A6-BFCC8E50ECA6}.Debug|Any CPU.ActiveCfg = Debug|Any CPU
		{51891961-508A-4327-99A6-BFCC8E50ECA6}.Debug|Any CPU.Build.0 = Debug|Any CPU
		{51891961-508A-4327-99A6-BFCC8E50ECA6}.Release|Any CPU.ActiveCfg = Release|Any CPU
		{51891961-508A-4327-99A6-BFCC8E50ECA6}.Release|Any CPU.Build.0 = Release|Any CPU
	EndGlobalSection
	GlobalSection(SolutionProperties) = preSolution
		HideSolutionNode = FALSE
	EndGlobalSection
	GlobalSection(NestedProjects) = preSolution
		{FBBB838E-DAA5-41A0-B6F0-9D84135D4186} = {2C3A37FC-26BC-444F-8A04-F0C643B360FB}
		{80833D93-A94A-491B-B3C4-1D2BD59A629E} = {2C3A37FC-26BC-444F-8A04-F0C643B360FB}
		{115CA0BB-FC9D-4B33-83BF-D4825075E7BB} = {2C3A37FC-26BC-444F-8A04-F0C643B360FB}
		{51891961-508A-4327-99A6-BFCC8E50ECA6} = {2C3A37FC-26BC-444F-8A04-F0C643B360FB}
	EndGlobalSection
	GlobalSection(ExtensibilityGlobals) = postSolution
		SolutionGuid = {34594A65-E734-4E5B-8A04-38FBE54F794C}
	EndGlobalSection
EndGlobal
